
Microsoft Visual Studio Solution File, Format Version 12.00
# Visual Studio Version 16
VisualStudioVersion = 16.0.31112.23
MinimumVisualStudioVersion = 10.0.40219.1
Project("{FAE04EC0-301F-11D3-BF4B-00C04F79EFBC}") = "Tips4", "Tips4\Tips4.csproj", "{DB762329-E095-476C-94C8-D606FD70F6B1}"
EndProject
Global
	GlobalSection(SolutionConfigurationPlatforms) = preSolution
		Debug|Any CPU = Debug|Any CPU
		Release|Any CPU = Release|Any CPU
	EndGlobalSection
	GlobalSection(ProjectConfigurationPlatforms) = postSolution
		{DB762329-E095-476C-94C8-D606FD70F6B1}.Debug|Any CPU.ActiveCfg = Debug|Any CPU
		{DB762329-E095-476C-94C8-D606FD70F6B1}.Debug|Any CPU.Build.0 = Debug|Any CPU
		{DB762329-E095-476C-94C8-D606FD70F6B1}.Release|Any CPU.ActiveCfg = Release|Any CPU
		{DB762329-E095-476C-94C8-D606FD70F6B1}.Release|Any CPU.Build.0 = Release|Any CPU
	EndGlobalSection
	GlobalSection(SolutionProperties) = preSolution
		HideSolutionNode = FALSE
	EndGlobalSection
	GlobalSection(ExtensibilityGlobals) = postSolution
		SolutionGuid = {82765C8B-B388-4C99-B5C4-923C8293000A}
	EndGlobalSection
EndGlobal
