
Microsoft Visual Studio Solution File, Format Version 12.00
# Visual Studio Version 16
VisualStudioVersion = 16.0.30621.155
MinimumVisualStudioVersion = 10.0.40219.1
Project("{FAE04EC0-301F-11D3-BF4B-00C04F79EFBC}") = "Simple", "Simple\Simple.csproj", "{A481374E-FF26-46B7-B4F2-466B5C7664BE}"
EndProject
Project("{9A19103F-16F7-4668-BE54-9A1E7A4F7556}") = "Designer", "Designer\Designer.csproj", "{06232467-A372-4EF0-8892-42F127CDD451}"
EndProject
Project("{9A19103F-16F7-4668-BE54-9A1E7A4F7556}") = "Lifecycle", "Lifecycle\Lifecycle.csproj", "{12D5139B-18B4-4E0A-8024-328CFFF658FC}"
EndProject
Project("{9A19103F-16F7-4668-BE54-9A1E7A4F7556}") = "MenusAndToolbars", "MenusAndToolbars\MenusAndToolbars.csproj", "{C528C763-3B6F-4900-98D3-1D114BF9B9C3}"
EndProject
Project("{9A19103F-16F7-4668-BE54-9A1E7A4F7556}") = "UserControls", "UserControls\UserControls.csproj", "{65F9CEDD-6EB0-414A-A90C-B0F893237D64}"
EndProject
Project("{9A19103F-16F7-4668-BE54-9A1E7A4F7556}") = "MDI", "MDI\MDI.csproj", "{8D86BCD1-9D1E-48AE-9C2E-FE1C9DF3B4B3}"
EndProject
Project("{9A19103F-16F7-4668-BE54-9A1E7A4F7556}") = "SDI", "SDI\SDI.csproj", "{B2AFCC7B-5D7F-47AE-BEF3-DA45571C4E3A}"
EndProject
Project("{FAE04EC0-301F-11D3-BF4B-00C04F79EFBC}") = "Explorer", "Explorer\Explorer.csproj", "{036099CA-46B2-4876-AB37-C577C4DEAB84}"
EndProject
Global
	GlobalSection(SolutionConfigurationPlatforms) = preSolution
		Debug|Any CPU = Debug|Any CPU
		Release|Any CPU = Release|Any CPU
	EndGlobalSection
	GlobalSection(ProjectConfigurationPlatforms) = postSolution
		{A481374E-FF26-46B7-B4F2-466B5C7664BE}.Debug|Any CPU.ActiveCfg = Debug|Any CPU
		{A481374E-FF26-46B7-B4F2-466B5C7664BE}.Debug|Any CPU.Build.0 = Debug|Any CPU
		{A481374E-FF26-46B7-B4F2-466B5C7664BE}.Release|Any CPU.ActiveCfg = Release|Any CPU
		{A481374E-FF26-46B7-B4F2-466B5C7664BE}.Release|Any CPU.Build.0 = Release|Any CPU
		{06232467-A372-4EF0-8892-42F127CDD451}.Debug|Any CPU.ActiveCfg = Debug|Any CPU
		{06232467-A372-4EF0-8892-42F127CDD451}.Debug|Any CPU.Build.0 = Debug|Any CPU
		{06232467-A372-4EF0-8892-42F127CDD451}.Release|Any CPU.ActiveCfg = Release|Any CPU
		{06232467-A372-4EF0-8892-42F127CDD451}.Release|Any CPU.Build.0 = Release|Any CPU
		{12D5139B-18B4-4E0A-8024-328CFFF658FC}.Debug|Any CPU.ActiveCfg = Debug|Any CPU
		{12D5139B-18B4-4E0A-8024-328CFFF658FC}.Debug|Any CPU.Build.0 = Debug|Any CPU
		{12D5139B-18B4-4E0A-8024-328CFFF658FC}.Release|Any CPU.ActiveCfg = Release|Any CPU
		{12D5139B-18B4-4E0A-8024-328CFFF658FC}.Release|Any CPU.Build.0 = Release|Any CPU
		{C528C763-3B6F-4900-98D3-1D114BF9B9C3}.Debug|Any CPU.ActiveCfg = Debug|Any CPU
		{C528C763-3B6F-4900-98D3-1D114BF9B9C3}.Debug|Any CPU.Build.0 = Debug|Any CPU
		{C528C763-3B6F-4900-98D3-1D114BF9B9C3}.Release|Any CPU.ActiveCfg = Release|Any CPU
		{C528C763-3B6F-4900-98D3-1D114BF9B9C3}.Release|Any CPU.Build.0 = Release|Any CPU
		{65F9CEDD-6EB0-414A-A90C-B0F893237D64}.Debug|Any CPU.ActiveCfg = Debug|Any CPU
		{65F9CEDD-6EB0-414A-A90C-B0F893237D64}.Debug|Any CPU.Build.0 = Debug|Any CPU
		{65F9CEDD-6EB0-414A-A90C-B0F893237D64}.Release|Any CPU.ActiveCfg = Release|Any CPU
		{65F9CEDD-6EB0-414A-A90C-B0F893237D64}.Release|Any CPU.Build.0 = Release|Any CPU
		{8D86BCD1-9D1E-48AE-9C2E-FE1C9DF3B4B3}.Debug|Any CPU.ActiveCfg = Debug|Any CPU
		{8D86BCD1-9D1E-48AE-9C2E-FE1C9DF3B4B3}.Debug|Any CPU.Build.0 = Debug|Any CPU
		{8D86BCD1-9D1E-48AE-9C2E-FE1C9DF3B4B3}.Release|Any CPU.ActiveCfg = Release|Any CPU
		{8D86BCD1-9D1E-48AE-9C2E-FE1C9DF3B4B3}.Release|Any CPU.Build.0 = Release|Any CPU
		{B2AFCC7B-5D7F-47AE-BEF3-DA45571C4E3A}.Debug|Any CPU.ActiveCfg = Debug|Any CPU
		{B2AFCC7B-5D7F-47AE-BEF3-DA45571C4E3A}.Debug|Any CPU.Build.0 = Debug|Any CPU
		{B2AFCC7B-5D7F-47AE-BEF3-DA45571C4E3A}.Release|Any CPU.ActiveCfg = Release|Any CPU
		{B2AFCC7B-5D7F-47AE-BEF3-DA45571C4E3A}.Release|Any CPU.Build.0 = Release|Any CPU
		{036099CA-46B2-4876-AB37-C577C4DEAB84}.Debug|Any CPU.ActiveCfg = Debug|Any CPU
		{036099CA-46B2-4876-AB37-C577C4DEAB84}.Debug|Any CPU.Build.0 = Debug|Any CPU
		{036099CA-46B2-4876-AB37-C577C4DEAB84}.Release|Any CPU.ActiveCfg = Release|Any CPU
		{036099CA-46B2-4876-AB37-C577C4DEAB84}.Release|Any CPU.Build.0 = Release|Any CPU
	EndGlobalSection
	GlobalSection(SolutionProperties) = preSolution
		HideSolutionNode = FALSE
	EndGlobalSection
	GlobalSection(ExtensibilityGlobals) = postSolution
		SolutionGuid = {AEA48847-C386-414C-BEBF-75F638C75EA3}
	EndGlobalSection
EndGlobal
